
Microsoft Visual Studio Solution File, Format Version 12.00
# Visual Studio Version 17
VisualStudioVersion = 17.9.34714.143
MinimumVisualStudioVersion = 10.0.40219.1
Project("{FAE04EC0-301F-11D3-BF4B-00C04F79EFBC}") = "DesktopApp", "DesktopApp\DesktopApp.csproj", "{AD196D4C-F0D9-4918-A7E5-1F9BADD6F5DA}"
EndProject
Global
	GlobalSection(SolutionConfigurationPlatforms) = preSolution
		Debug|Any CPU = Debug|Any CPU
		Release|Any CPU = Release|Any CPU
	EndGlobalSection
	GlobalSection(ProjectConfigurationPlatforms) = postSolution
		{AD196D4C-F0D9-4918-A7E5-1F9BADD6F5DA}.Debug|Any CPU.ActiveCfg = Debug|Any CPU
		{AD196D4C-F0D9-4918-A7E5-1F9BADD6F5DA}.Debug|Any CPU.Build.0 = Debug|Any CPU
		{AD196D4C-F0D9-4918-A7E5-1F9BADD6F5DA}.Release|Any CPU.ActiveCfg = Release|Any CPU
		{AD196D4C-F0D9-4918-A7E5-1F9BADD6F5DA}.Release|Any CPU.Build.0 = Release|Any CPU
	EndGlobalSection
	GlobalSection(SolutionProperties) = preSolution
		HideSolutionNode = FALSE
	EndGlobalSection
	GlobalSection(ExtensibilityGlobals) = postSolution
		SolutionGuid = {11E980B9-BDA0-4840-89C9-DDBE3690523F}
	EndGlobalSection
EndGlobal
